
Microsoft Visual Studio Solution File, Format Version 12.00
# Visual Studio Version 16
VisualStudioVersion = 16.0.29911.84
MinimumVisualStudioVersion = 10.0.40219.1
Project("{9A19103F-16F7-4668-BE54-9A1E7A4F7556}") = "Smtp.Api", "Smtp.Api\Smtp.Api.csproj", "{5C5E0D9B-328F-4564-9E17-05D3CA0317C5}"
EndProject
Project("{FAE04EC0-301F-11D3-BF4B-00C04F79EFBC}") = "Smtp.Service", "Smtp.Service\Smtp.Service.csproj", "{05234230-3C6E-4155-90F2-981E51D33129}"
EndProject
Project("{FAE04EC0-301F-11D3-BF4B-00C04F79EFBC}") = "Smtp.Core", "Smtp.Core\Smtp.Core.csproj", "{0C91BCE5-71C4-41F8-A15E-84F6CA1A4919}"
EndProject
Global
	GlobalSection(SolutionConfigurationPlatforms) = preSolution
		Debug|Any CPU = Debug|Any CPU
		Release|Any CPU = Release|Any CPU
	EndGlobalSection
	GlobalSection(ProjectConfigurationPlatforms) = postSolution
		{5C5E0D9B-328F-4564-9E17-05D3CA0317C5}.Debug|Any CPU.ActiveCfg = Debug|Any CPU
		{5C5E0D9B-328F-4564-9E17-05D3CA0317C5}.Debug|Any CPU.Build.0 = Debug|Any CPU
		{5C5E0D9B-328F-4564-9E17-05D3CA0317C5}.Release|Any CPU.ActiveCfg = Release|Any CPU
		{5C5E0D9B-328F-4564-9E17-05D3CA0317C5}.Release|Any CPU.Build.0 = Release|Any CPU
		{05234230-3C6E-4155-90F2-981E51D33129}.Debug|Any CPU.ActiveCfg = Debug|Any CPU
		{05234230-3C6E-4155-90F2-981E51D33129}.Debug|Any CPU.Build.0 = Debug|Any CPU
		{05234230-3C6E-4155-90F2-981E51D33129}.Release|Any CPU.ActiveCfg = Release|Any CPU
		{05234230-3C6E-4155-90F2-981E51D33129}.Release|Any CPU.Build.0 = Release|Any CPU
		{0C91BCE5-71C4-41F8-A15E-84F6CA1A4919}.Debug|Any CPU.ActiveCfg = Debug|Any CPU
		{0C91BCE5-71C4-41F8-A15E-84F6CA1A4919}.Debug|Any CPU.Build.0 = Debug|Any CPU
		{0C91BCE5-71C4-41F8-A15E-84F6CA1A4919}.Release|Any CPU.ActiveCfg = Release|Any CPU
		{0C91BCE5-71C4-41F8-A15E-84F6CA1A4919}.Release|Any CPU.Build.0 = Release|Any CPU
	EndGlobalSection
	GlobalSection(SolutionProperties) = preSolution
		HideSolutionNode = FALSE
	EndGlobalSection
	GlobalSection(ExtensibilityGlobals) = postSolution
		SolutionGuid = {DD086415-2422-442B-91C8-E455E74FBC96}
	EndGlobalSection
EndGlobal
